
Microsoft Visual Studio Solution File, Format Version 12.00
# Visual Studio Version 17
VisualStudioVersion = 17.9.34723.18
MinimumVisualStudioVersion = 10.0.40219.1
Project("{2150E333-8FDC-42A3-9474-1A3956D46DE8}") = "src", "src", "{43813FEF-2D59-4EE9-A9F3-BE3E0B88D654}"
EndProject
Project("{9A19103F-16F7-4668-BE54-9A1E7A4F7556}") = "Restful.WPF", "Restful.WPF\Restful.WPF.csproj", "{D58C73A1-B53A-412A-9868-EF39AADB6AF5}"
EndProject
Project("{9A19103F-16F7-4668-BE54-9A1E7A4F7556}") = "Restful.Core", "Restful.Core\Restful.Core.csproj", "{A34EEEE7-CBDA-488E-835C-6AB478D7ED3F}"
EndProject
Project("{2150E333-8FDC-42A3-9474-1A3956D46DE8}") = "modules", "modules", "{17B0451E-E428-4FAA-83F3-322F0260C16E}"
EndProject
Project("{2150E333-8FDC-42A3-9474-1A3956D46DE8}") = "tests", "tests", "{344C027F-BF18-4BB7-9689-E073B4010053}"
EndProject
Project("{9A19103F-16F7-4668-BE54-9A1E7A4F7556}") = "Restful.RequestsModule", "Restful.RequestsModule\Restful.RequestsModule.csproj", "{2D729403-4697-4BEB-9279-C30AFE3B1784}"
EndProject
Project("{9A19103F-16F7-4668-BE54-9A1E7A4F7556}") = "Restful.UserModule", "Restful.UserModule\Restful.UserModule.csproj", "{C8BE666B-38A3-4405-9743-69460D98FBFE}"
EndProject
Project("{9A19103F-16F7-4668-BE54-9A1E7A4F7556}") = "Restful.SettingsModule", "Restful.SettingsModule\Restful.SettingsModule.csproj", "{080D247C-3297-4E5D-BAC5-F18539FF7A02}"
EndProject
Project("{9A19103F-16F7-4668-BE54-9A1E7A4F7556}") = "Restful.Global", "Restful.Constants\Restful.Global.csproj", "{8AFE6947-88FD-44C9-B8C5-BB4EDE8B3F07}"
EndProject
Project("{FAE04EC0-301F-11D3-BF4B-00C04F79EFBC}") = "Restful.Entity", "Restful.Entity\Restful.Entity.csproj", "{0D4DF6A5-E231-4D2A-A30F-E120DDB98BD0}"
EndProject
Global
	GlobalSection(SolutionConfigurationPlatforms) = preSolution
		Debug|Any CPU = Debug|Any CPU
		Release|Any CPU = Release|Any CPU
	EndGlobalSection
	GlobalSection(ProjectConfigurationPlatforms) = postSolution
		{D58C73A1-B53A-412A-9868-EF39AADB6AF5}.Debug|Any CPU.ActiveCfg = Debug|Any CPU
		{D58C73A1-B53A-412A-9868-EF39AADB6AF5}.Debug|Any CPU.Build.0 = Debug|Any CPU
		{D58C73A1-B53A-412A-9868-EF39AADB6AF5}.Release|Any CPU.ActiveCfg = Release|Any CPU
		{D58C73A1-B53A-412A-9868-EF39AADB6AF5}.Release|Any CPU.Build.0 = Release|Any CPU
		{A34EEEE7-CBDA-488E-835C-6AB478D7ED3F}.Debug|Any CPU.ActiveCfg = Debug|Any CPU
		{A34EEEE7-CBDA-488E-835C-6AB478D7ED3F}.Debug|Any CPU.Build.0 = Debug|Any CPU
		{A34EEEE7-CBDA-488E-835C-6AB478D7ED3F}.Release|Any CPU.ActiveCfg = Release|Any CPU
		{A34EEEE7-CBDA-488E-835C-6AB478D7ED3F}.Release|Any CPU.Build.0 = Release|Any CPU
		{2D729403-4697-4BEB-9279-C30AFE3B1784}.Debug|Any CPU.ActiveCfg = Debug|Any CPU
		{2D729403-4697-4BEB-9279-C30AFE3B1784}.Debug|Any CPU.Build.0 = Debug|Any CPU
		{2D729403-4697-4BEB-9279-C30AFE3B1784}.Release|Any CPU.ActiveCfg = Release|Any CPU
		{2D729403-4697-4BEB-9279-C30AFE3B1784}.Release|Any CPU.Build.0 = Release|Any CPU
		{C8BE666B-38A3-4405-9743-69460D98FBFE}.Debug|Any CPU.ActiveCfg = Debug|Any CPU
		{C8BE666B-38A3-4405-9743-69460D98FBFE}.Debug|Any CPU.Build.0 = Debug|Any CPU
		{C8BE666B-38A3-4405-9743-69460D98FBFE}.Release|Any CPU.ActiveCfg = Release|Any CPU
		{C8BE666B-38A3-4405-9743-69460D98FBFE}.Release|Any CPU.Build.0 = Release|Any CPU
		{080D247C-3297-4E5D-BAC5-F18539FF7A02}.Debug|Any CPU.ActiveCfg = Debug|Any CPU
		{080D247C-3297-4E5D-BAC5-F18539FF7A02}.Debug|Any CPU.Build.0 = Debug|Any CPU
		{080D247C-3297-4E5D-BAC5-F18539FF7A02}.Release|Any CPU.ActiveCfg = Release|Any CPU
		{080D247C-3297-4E5D-BAC5-F18539FF7A02}.Release|Any CPU.Build.0 = Release|Any CPU
		{8AFE6947-88FD-44C9-B8C5-BB4EDE8B3F07}.Debug|Any CPU.ActiveCfg = Debug|Any CPU
		{8AFE6947-88FD-44C9-B8C5-BB4EDE8B3F07}.Debug|Any CPU.Build.0 = Debug|Any CPU
		{8AFE6947-88FD-44C9-B8C5-BB4EDE8B3F07}.Release|Any CPU.ActiveCfg = Release|Any CPU
		{8AFE6947-88FD-44C9-B8C5-BB4EDE8B3F07}.Release|Any CPU.Build.0 = Release|Any CPU
		{0D4DF6A5-E231-4D2A-A30F-E120DDB98BD0}.Debug|Any CPU.ActiveCfg = Debug|Any CPU
		{0D4DF6A5-E231-4D2A-A30F-E120DDB98BD0}.Debug|Any CPU.Build.0 = Debug|Any CPU
		{0D4DF6A5-E231-4D2A-A30F-E120DDB98BD0}.Release|Any CPU.ActiveCfg = Release|Any CPU
		{0D4DF6A5-E231-4D2A-A30F-E120DDB98BD0}.Release|Any CPU.Build.0 = Release|Any CPU
	EndGlobalSection
	GlobalSection(SolutionProperties) = preSolution
		HideSolutionNode = FALSE
	EndGlobalSection
	GlobalSection(NestedProjects) = preSolution
		{D58C73A1-B53A-412A-9868-EF39AADB6AF5} = {43813FEF-2D59-4EE9-A9F3-BE3E0B88D654}
		{A34EEEE7-CBDA-488E-835C-6AB478D7ED3F} = {43813FEF-2D59-4EE9-A9F3-BE3E0B88D654}
		{2D729403-4697-4BEB-9279-C30AFE3B1784} = {17B0451E-E428-4FAA-83F3-322F0260C16E}
		{C8BE666B-38A3-4405-9743-69460D98FBFE} = {17B0451E-E428-4FAA-83F3-322F0260C16E}
		{080D247C-3297-4E5D-BAC5-F18539FF7A02} = {17B0451E-E428-4FAA-83F3-322F0260C16E}
		{8AFE6947-88FD-44C9-B8C5-BB4EDE8B3F07} = {43813FEF-2D59-4EE9-A9F3-BE3E0B88D654}
		{0D4DF6A5-E231-4D2A-A30F-E120DDB98BD0} = {43813FEF-2D59-4EE9-A9F3-BE3E0B88D654}
	EndGlobalSection
	GlobalSection(ExtensibilityGlobals) = postSolution
		SolutionGuid = {F1C62D33-27A3-4EEC-93DC-F2A4E581BBCD}
	EndGlobalSection
EndGlobal
